
Microsoft Visual Studio Solution File, Format Version 12.00
# Visual Studio Version 16
VisualStudioVersion = 16.0.31112.23
MinimumVisualStudioVersion = 10.0.40219.1
Project("{FAE04EC0-301F-11D3-BF4B-00C04F79EFBC}") = "CrazyIvan", "CrazyIvan.csproj", "{6397CBEB-57CE-48C2-A229-10AA8004E3E8}"
EndProject
Global
	GlobalSection(SolutionConfigurationPlatforms) = preSolution
		Debug|Any CPU = Debug|Any CPU
		Release|Any CPU = Release|Any CPU
	EndGlobalSection
	GlobalSection(ProjectConfigurationPlatforms) = postSolution
		{6397CBEB-57CE-48C2-A229-10AA8004E3E8}.Debug|Any CPU.ActiveCfg = Debug|Any CPU
		{6397CBEB-57CE-48C2-A229-10AA8004E3E8}.Debug|Any CPU.Build.0 = Debug|Any CPU
		{6397CBEB-57CE-48C2-A229-10AA8004E3E8}.Release|Any CPU.ActiveCfg = Release|Any CPU
		{6397CBEB-57CE-48C2-A229-10AA8004E3E8}.Release|Any CPU.Build.0 = Release|Any CPU
	EndGlobalSection
	GlobalSection(SolutionProperties) = preSolution
		HideSolutionNode = FALSE
	EndGlobalSection
	GlobalSection(ExtensibilityGlobals) = postSolution
		SolutionGuid = {78DB85E7-DB36-44A5-97F4-865639B25E2D}
	EndGlobalSection
EndGlobal
